// !$*UTF8*$!
{
	archiveVersion = 1;
	classes = {
	};
	objectVersion = 48;
	objects = {

/* Begin PBXBuildFile section */
		460439DF238162260042DA5D /* main.cpp in Sources */ = {isa = PBXBuildFile; fileRef = 460439DE238162260042DA5D /* main.cpp */; };
		460439E7238162490042DA5D /* SomeWhere_Login.cpp in Sources */ = {isa = PBXBuildFile; fileRef = 460439E5238162490042DA5D /* SomeWhere_Login.cpp */; };
		460439EA2381625E0042DA5D /* TcpConnect.cpp in Sources */ = {isa = PBXBuildFile; fileRef = 460439E82381625E0042DA5D /* TcpConnect.cpp */; };
		460439FE2382D9A00042DA5D /* SomeWhereServer.cpp in Sources */ = {isa = PBXBuildFile; fileRef = 460439FC2382D9A00042DA5D /* SomeWhereServer.cpp */; };
		46043A012382D9C10042DA5D /* MysqlConnect.cpp in Sources */ = {isa = PBXBuildFile; fileRef = 460439FF2382D9C10042DA5D /* MysqlConnect.cpp */; };
		46043A042382D9CD0042DA5D /* RedisConnect.cpp in Sources */ = {isa = PBXBuildFile; fileRef = 46043A022382D9CD0042DA5D /* RedisConnect.cpp */; };
		462A05EA23A634A000881DDD /* libboost_thread.dylib in Frameworks */ = {isa = PBXBuildFile; fileRef = 462A05E923A634A000881DDD /* libboost_thread.dylib */; };
		46A27B06238C23CC006057B6 /* RequestHandle.cpp in Sources */ = {isa = PBXBuildFile; fileRef = 46A27B04238C23CC006057B6 /* RequestHandle.cpp */; };
		46A27B0D2393D837006057B6 /* libmysqlcppconn8.2.8.0.18.dylib in Frameworks */ = {isa = PBXBuildFile; fileRef = 46A27B072393D836006057B6 /* libmysqlcppconn8.2.8.0.18.dylib */; };
		46A27B0E2393D837006057B6 /* libmysqlcppconn-static.a in Frameworks */ = {isa = PBXBuildFile; fileRef = 46A27B082393D836006057B6 /* libmysqlcppconn-static.a */; };
		46A27B0F2393D837006057B6 /* libssl.1.1.dylib in Frameworks */ = {isa = PBXBuildFile; fileRef = 46A27B092393D836006057B6 /* libssl.1.1.dylib */; };
		46A27B102393D837006057B6 /* libmysqlcppconn.7.8.0.18.dylib in Frameworks */ = {isa = PBXBuildFile; fileRef = 46A27B0A2393D836006057B6 /* libmysqlcppconn.7.8.0.18.dylib */; };
		46A27B112393D837006057B6 /* libcrypto.1.1.dylib in Frameworks */ = {isa = PBXBuildFile; fileRef = 46A27B0B2393D837006057B6 /* libcrypto.1.1.dylib */; };
		46A27B122393D837006057B6 /* libmysqlcppconn8-static.a in Frameworks */ = {isa = PBXBuildFile; fileRef = 46A27B0C2393D837006057B6 /* libmysqlcppconn8-static.a */; };
		46A27B162393D867006057B6 /* libboost_system.a in Frameworks */ = {isa = PBXBuildFile; fileRef = 46A27B132393D867006057B6 /* libboost_system.a */; };
		46A27B172393D867006057B6 /* libhiredis.0.14.dylib in Frameworks */ = {isa = PBXBuildFile; fileRef = 46A27B142393D867006057B6 /* libhiredis.0.14.dylib */; };
		46A27B182393D867006057B6 /* libhiredis.a in Frameworks */ = {isa = PBXBuildFile; fileRef = 46A27B152393D867006057B6 /* libhiredis.a */; };
/* End PBXBuildFile section */

/* Begin PBXCopyFilesBuildPhase section */
		460439D9238162260042DA5D /* CopyFiles */ = {
			isa = PBXCopyFilesBuildPhase;
			buildActionMask = 2147483647;
			dstPath = /usr/share/man/man1/;
			dstSubfolderSpec = 0;
			files = (
			);
			runOnlyForDeploymentPostprocessing = 1;
		};
/* End PBXCopyFilesBuildPhase section */

/* Begin PBXFileReference section */
		460439DB238162260042DA5D /* Server */ = {isa = PBXFileReference; explicitFileType = "compiled.mach-o.executable"; includeInIndex = 0; path = Server; sourceTree = BUILT_PRODUCTS_DIR; };
		460439DE238162260042DA5D /* main.cpp */ = {isa = PBXFileReference; lastKnownFileType = sourcecode.cpp.cpp; path = main.cpp; sourceTree = "<group>"; };
		460439E5238162490042DA5D /* SomeWhere_Login.cpp */ = {isa = PBXFileReference; lastKnownFileType = sourcecode.cpp.cpp; path = SomeWhere_Login.cpp; sourceTree = "<group>"; };
		460439E82381625E0042DA5D /* TcpConnect.cpp */ = {isa = PBXFileReference; lastKnownFileType = sourcecode.cpp.cpp; path = TcpConnect.cpp; sourceTree = "<group>"; };
		460439FC2382D9A00042DA5D /* SomeWhereServer.cpp */ = {isa = PBXFileReference; lastKnownFileType = sourcecode.cpp.cpp; path = SomeWhereServer.cpp; sourceTree = "<group>"; };
		460439FF2382D9C10042DA5D /* MysqlConnect.cpp */ = {isa = PBXFileReference; lastKnownFileType = sourcecode.cpp.cpp; path = MysqlConnect.cpp; sourceTree = "<group>"; };
		46043A022382D9CD0042DA5D /* RedisConnect.cpp */ = {isa = PBXFileReference; lastKnownFileType = sourcecode.cpp.cpp; path = RedisConnect.cpp; sourceTree = "<group>"; };
		461CD789239CFC7F002FE9F4 /* SomeHeader.h */ = {isa = PBXFileReference; fileEncoding = 4; lastKnownFileType = sourcecode.c.h; path = SomeHeader.h; sourceTree = "<group>"; };
		461CD78D239CFC7F002FE9F4 /* Handler.hpp */ = {isa = PBXFileReference; fileEncoding = 4; lastKnownFileType = sourcecode.cpp.h; path = Handler.hpp; sourceTree = "<group>"; };
		461CD78F239CFC7F002FE9F4 /* net.h */ = {isa = PBXFileReference; fileEncoding = 4; lastKnownFileType = sourcecode.c.h; path = net.h; sourceTree = "<group>"; };
		461CD792239CFC7F002FE9F4 /* ConnectServer.hpp */ = {isa = PBXFileReference; fileEncoding = 4; lastKnownFileType = sourcecode.cpp.h; path = ConnectServer.hpp; sourceTree = "<group>"; };
		461CD793239CFC7F002FE9F4 /* config.h */ = {isa = PBXFileReference; fileEncoding = 4; lastKnownFileType = sourcecode.c.h; path = config.h; sourceTree = "<group>"; };
		461CD797239CFC7F002FE9F4 /* TcpConnect.hpp */ = {isa = PBXFileReference; fileEncoding = 4; lastKnownFileType = sourcecode.cpp.h; path = TcpConnect.hpp; sourceTree = "<group>"; };
		461CD798239CFC7F002FE9F4 /* SomeWhere_Login.hpp */ = {isa = PBXFileReference; fileEncoding = 4; lastKnownFileType = sourcecode.cpp.h; path = SomeWhere_Login.hpp; sourceTree = "<group>"; };
		461CD79A239CFC7F002FE9F4 /* hiredis.h */ = {isa = PBXFileReference; fileEncoding = 4; lastKnownFileType = sourcecode.c.h; path = hiredis.h; sourceTree = "<group>"; };
		461CD79D239CFC7F002FE9F4 /* SomeWhereLog.h */ = {isa = PBXFileReference; fileEncoding = 4; lastKnownFileType = sourcecode.c.h; path = SomeWhereLog.h; sourceTree = "<group>"; };
		461CD79E239CFC7F002FE9F4 /* win32.h */ = {isa = PBXFileReference; fileEncoding = 4; lastKnownFileType = sourcecode.c.h; path = win32.h; sourceTree = "<group>"; };
		461CD7A2239CFC7F002FE9F4 /* glib.h */ = {isa = PBXFileReference; fileEncoding = 4; lastKnownFileType = sourcecode.c.h; path = glib.h; sourceTree = "<group>"; };
		461CD7A3239CFC7F002FE9F4 /* libev.h */ = {isa = PBXFileReference; fileEncoding = 4; lastKnownFileType = sourcecode.c.h; path = libev.h; sourceTree = "<group>"; };
		461CD7A4239CFC7F002FE9F4 /* ae.h */ = {isa = PBXFileReference; fileEncoding = 4; lastKnownFileType = sourcecode.c.h; path = ae.h; sourceTree = "<group>"; };
		461CD7A5239CFC7F002FE9F4 /* libevent.h */ = {isa = PBXFileReference; fileEncoding = 4; lastKnownFileType = sourcecode.c.h; path = libevent.h; sourceTree = "<group>"; };
		461CD7A6239CFC7F002FE9F4 /* libuv.h */ = {isa = PBXFileReference; fileEncoding = 4; lastKnownFileType = sourcecode.c.h; path = libuv.h; sourceTree = "<group>"; };
		461CD7A7239CFC7F002FE9F4 /* macosx.h */ = {isa = PBXFileReference; fileEncoding = 4; lastKnownFileType = sourcecode.c.h; path = macosx.h; sourceTree = "<group>"; };
		461CD7A8239CFC7F002FE9F4 /* qt.h */ = {isa = PBXFileReference; fileEncoding = 4; lastKnownFileType = sourcecode.c.h; path = qt.h; sourceTree = "<group>"; };
		461CD7A9239CFC7F002FE9F4 /* ivykis.h */ = {isa = PBXFileReference; fileEncoding = 4; lastKnownFileType = sourcecode.c.h; path = ivykis.h; sourceTree = "<group>"; };
		461CD7AA239CFC7F002FE9F4 /* async.h */ = {isa = PBXFileReference; fileEncoding = 4; lastKnownFileType = sourcecode.c.h; path = async.h; sourceTree = "<group>"; };
		461CD7AE239CFC7F002FE9F4 /* SomeWhereServer.hpp */ = {isa = PBXFileReference; fileEncoding = 4; lastKnownFileType = sourcecode.cpp.h; path = SomeWhereServer.hpp; sourceTree = "<group>"; };
		461CD7AF239CFC7F002FE9F4 /* MysqlConnect.hpp */ = {isa = PBXFileReference; fileEncoding = 4; lastKnownFileType = sourcecode.cpp.h; path = MysqlConnect.hpp; sourceTree = "<group>"; };
		461CD7B1239CFC7F002FE9F4 /* dict.h */ = {isa = PBXFileReference; fileEncoding = 4; lastKnownFileType = sourcecode.c.h; path = dict.h; sourceTree = "<group>"; };
		461CD7B3239CFC7F002FE9F4 /* async_private.h */ = {isa = PBXFileReference; fileEncoding = 4; lastKnownFileType = sourcecode.c.h; path = async_private.h; sourceTree = "<group>"; };
		461CD7B4239CFC7F002FE9F4 /* sds.h */ = {isa = PBXFileReference; fileEncoding = 4; lastKnownFileType = sourcecode.c.h; path = sds.h; sourceTree = "<group>"; };
		461CD7C5239CFC7F002FE9F4 /* sdsalloc.h */ = {isa = PBXFileReference; fileEncoding = 4; lastKnownFileType = sourcecode.c.h; path = sdsalloc.h; sourceTree = "<group>"; };
		461CD7C6239CFC7F002FE9F4 /* RedisConnect.hpp */ = {isa = PBXFileReference; fileEncoding = 4; lastKnownFileType = sourcecode.cpp.h; path = RedisConnect.hpp; sourceTree = "<group>"; };
		461CD7CA239CFC7F002FE9F4 /* fmacros.h */ = {isa = PBXFileReference; fileEncoding = 4; lastKnownFileType = sourcecode.c.h; path = fmacros.h; sourceTree = "<group>"; };
		461CD7CC239CFC7F002FE9F4 /* sockcompat.h */ = {isa = PBXFileReference; fileEncoding = 4; lastKnownFileType = sourcecode.c.h; path = sockcompat.h; sourceTree = "<group>"; };
		461CD7CD239CFC7F002FE9F4 /* read.h */ = {isa = PBXFileReference; fileEncoding = 4; lastKnownFileType = sourcecode.c.h; path = read.h; sourceTree = "<group>"; };
		461CD7CE239CFC7F002FE9F4 /* hiredis_ssl.h */ = {isa = PBXFileReference; fileEncoding = 4; lastKnownFileType = sourcecode.c.h; path = hiredis_ssl.h; sourceTree = "<group>"; };
		461CD7D2239CFC7F002FE9F4 /* RequestHandle.hpp */ = {isa = PBXFileReference; fileEncoding = 4; lastKnownFileType = sourcecode.cpp.h; path = RequestHandle.hpp; sourceTree = "<group>"; };
		462A05DE23A46CA800881DDD /* server_config.json */ = {isa = PBXFileReference; fileEncoding = 4; lastKnownFileType = text.json; path = server_config.json; sourceTree = "<group>"; };
		462A05E923A634A000881DDD /* libboost_thread.dylib */ = {isa = PBXFileReference; lastKnownFileType = "compiled.mach-o.dylib"; name = libboost_thread.dylib; path = ../../../../../../usr/local/lib/libboost_thread.dylib; sourceTree = "<group>"; };
		46A27B04238C23CC006057B6 /* RequestHandle.cpp */ = {isa = PBXFileReference; lastKnownFileType = sourcecode.cpp.cpp; path = RequestHandle.cpp; sourceTree = "<group>"; };
		46A27B072393D836006057B6 /* libmysqlcppconn8.2.8.0.18.dylib */ = {isa = PBXFileReference; lastKnownFileType = "compiled.mach-o.dylib"; name = libmysqlcppconn8.2.8.0.18.dylib; path = "../../../../../../usr/local/mysql-connector-c++-8.0.18/lib64/libmysqlcppconn8.2.8.0.18.dylib"; sourceTree = "<group>"; };
		46A27B082393D836006057B6 /* libmysqlcppconn-static.a */ = {isa = PBXFileReference; lastKnownFileType = archive.ar; name = "libmysqlcppconn-static.a"; path = "../../../../../../usr/local/mysql-connector-c++-8.0.18/lib64/libmysqlcppconn-static.a"; sourceTree = "<group>"; };
		46A27B092393D836006057B6 /* libssl.1.1.dylib */ = {isa = PBXFileReference; lastKnownFileType = "compiled.mach-o.dylib"; name = libssl.1.1.dylib; path = "../../../../../../usr/local/mysql-connector-c++-8.0.18/lib64/libssl.1.1.dylib"; sourceTree = "<group>"; };
		46A27B0A2393D836006057B6 /* libmysqlcppconn.7.8.0.18.dylib */ = {isa = PBXFileReference; lastKnownFileType = "compiled.mach-o.dylib"; name = libmysqlcppconn.7.8.0.18.dylib; path = "../../../../../../usr/local/mysql-connector-c++-8.0.18/lib64/libmysqlcppconn.7.8.0.18.dylib"; sourceTree = "<group>"; };
		46A27B0B2393D837006057B6 /* libcrypto.1.1.dylib */ = {isa = PBXFileReference; lastKnownFileType = "compiled.mach-o.dylib"; name = libcrypto.1.1.dylib; path = "../../../../../../usr/local/mysql-connector-c++-8.0.18/lib64/libcrypto.1.1.dylib"; sourceTree = "<group>"; };
		46A27B0C2393D837006057B6 /* libmysqlcppconn8-static.a */ = {isa = PBXFileReference; lastKnownFileType = archive.ar; name = "libmysqlcppconn8-static.a"; path = "../../../../../../usr/local/mysql-connector-c++-8.0.18/lib64/libmysqlcppconn8-static.a"; sourceTree = "<group>"; };
		46A27B132393D867006057B6 /* libboost_system.a */ = {isa = PBXFileReference; lastKnownFileType = archive.ar; name = libboost_system.a; path = ../../../../../../usr/local/lib/libboost_system.a; sourceTree = "<group>"; };
		46A27B142393D867006057B6 /* libhiredis.0.14.dylib */ = {isa = PBXFileReference; lastKnownFileType = "compiled.mach-o.dylib"; name = libhiredis.0.14.dylib; path = ../../../../../../usr/local/lib/libhiredis.0.14.dylib; sourceTree = "<group>"; };
		46A27B152393D867006057B6 /* libhiredis.a */ = {isa = PBXFileReference; lastKnownFileType = archive.ar; name = libhiredis.a; path = ../../../../../../usr/local/lib/libhiredis.a; sourceTree = "<group>"; };
/* End PBXFileReference section */

/* Begin PBXFrameworksBuildPhase section */
		460439D8238162260042DA5D /* Frameworks */ = {
			isa = PBXFrameworksBuildPhase;
			buildActionMask = 2147483647;
			files = (
				462A05EA23A634A000881DDD /* libboost_thread.dylib in Frameworks */,
				46A27B102393D837006057B6 /* libmysqlcppconn.7.8.0.18.dylib in Frameworks */,
				46A27B162393D867006057B6 /* libboost_system.a in Frameworks */,
				46A27B0D2393D837006057B6 /* libmysqlcppconn8.2.8.0.18.dylib in Frameworks */,
				46A27B172393D867006057B6 /* libhiredis.0.14.dylib in Frameworks */,
				46A27B0F2393D837006057B6 /* libssl.1.1.dylib in Frameworks */,
				46A27B112393D837006057B6 /* libcrypto.1.1.dylib in Frameworks */,
				46A27B0E2393D837006057B6 /* libmysqlcppconn-static.a in Frameworks */,
				46A27B122393D837006057B6 /* libmysqlcppconn8-static.a in Frameworks */,
				46A27B182393D867006057B6 /* libhiredis.a in Frameworks */,
			);
			runOnlyForDeploymentPostprocessing = 0;
		};
/* End PBXFrameworksBuildPhase section */

/* Begin PBXGroup section */
		460439D2238162260042DA5D = {
			isa = PBXGroup;
			children = (
				460439DD238162260042DA5D /* Server */,
				460439DC238162260042DA5D /* Products */,
				460439ED238164300042DA5D /* Frameworks */,
			);
			sourceTree = "<group>";
		};
		460439DC238162260042DA5D /* Products */ = {
			isa = PBXGroup;
			children = (
				460439DB238162260042DA5D /* Server */,
			);
			name = Products;
			sourceTree = "<group>";
		};
		460439DD238162260042DA5D /* Server */ = {
			isa = PBXGroup;
			children = (
				462A05DD23A46CA800881DDD /* conf */,
				461CD786239CFC7F002FE9F4 /* Headers */,
				46043A062382EF940042DA5D /* RedisConnect */,
				46043A052382EF7F0042DA5D /* MysqlConnect */,
				460439DE238162260042DA5D /* main.cpp */,
				460439E5238162490042DA5D /* SomeWhere_Login.cpp */,
				460439E82381625E0042DA5D /* TcpConnect.cpp */,
				460439FC2382D9A00042DA5D /* SomeWhereServer.cpp */,
				46A27B04238C23CC006057B6 /* RequestHandle.cpp */,
			);
			path = Server;
			sourceTree = "<group>";
		};
		460439ED238164300042DA5D /* Frameworks */ = {
			isa = PBXGroup;
			children = (
				462A05E923A634A000881DDD /* libboost_thread.dylib */,
				46A27B132393D867006057B6 /* libboost_system.a */,
				46A27B142393D867006057B6 /* libhiredis.0.14.dylib */,
				46A27B152393D867006057B6 /* libhiredis.a */,
				46A27B0B2393D837006057B6 /* libcrypto.1.1.dylib */,
				46A27B082393D836006057B6 /* libmysqlcppconn-static.a */,
				46A27B0A2393D836006057B6 /* libmysqlcppconn.7.8.0.18.dylib */,
				46A27B0C2393D837006057B6 /* libmysqlcppconn8-static.a */,
				46A27B072393D836006057B6 /* libmysqlcppconn8.2.8.0.18.dylib */,
				46A27B092393D836006057B6 /* libssl.1.1.dylib */,
			);
			name = Frameworks;
			sourceTree = "<group>";
		};
		46043A052382EF7F0042DA5D /* MysqlConnect */ = {
			isa = PBXGroup;
			children = (
				460439FF2382D9C10042DA5D /* MysqlConnect.cpp */,
			);
			path = MysqlConnect;
			sourceTree = "<group>";
		};
		46043A062382EF940042DA5D /* RedisConnect */ = {
			isa = PBXGroup;
			children = (
				46043A022382D9CD0042DA5D /* RedisConnect.cpp */,
			);
			path = RedisConnect;
			sourceTree = "<group>";
		};
		461CD786239CFC7F002FE9F4 /* Headers */ = {
			isa = PBXGroup;
			children = (
				462A05DF23A4702A00881DDD /* thirdpart */,
				461CD789239CFC7F002FE9F4 /* SomeHeader.h */,
				461CD78D239CFC7F002FE9F4 /* Handler.hpp */,
				461CD792239CFC7F002FE9F4 /* ConnectServer.hpp */,
				461CD797239CFC7F002FE9F4 /* TcpConnect.hpp */,
				461CD798239CFC7F002FE9F4 /* SomeWhere_Login.hpp */,
				461CD79D239CFC7F002FE9F4 /* SomeWhereLog.h */,
				461CD7AE239CFC7F002FE9F4 /* SomeWhereServer.hpp */,
				461CD7AF239CFC7F002FE9F4 /* MysqlConnect.hpp */,
				461CD7C6239CFC7F002FE9F4 /* RedisConnect.hpp */,
				461CD7D2239CFC7F002FE9F4 /* RequestHandle.hpp */,
			);
			path = Headers;
			sourceTree = "<group>";
		};
		461CD7A1239CFC7F002FE9F4 /* adapters */ = {
			isa = PBXGroup;
			children = (
				461CD7A2239CFC7F002FE9F4 /* glib.h */,
				461CD7A3239CFC7F002FE9F4 /* libev.h */,
				461CD7A4239CFC7F002FE9F4 /* ae.h */,
				461CD7A5239CFC7F002FE9F4 /* libevent.h */,
				461CD7A6239CFC7F002FE9F4 /* libuv.h */,
				461CD7A7239CFC7F002FE9F4 /* macosx.h */,
				461CD7A8239CFC7F002FE9F4 /* qt.h */,
				461CD7A9239CFC7F002FE9F4 /* ivykis.h */,
			);
			path = adapters;
			sourceTree = "<group>";
		};
		462A05DD23A46CA800881DDD /* conf */ = {
			isa = PBXGroup;
			children = (
				462A05DE23A46CA800881DDD /* server_config.json */,
			);
			path = conf;
			sourceTree = "<group>";
		};
		462A05DF23A4702A00881DDD /* thirdpart */ = {
			isa = PBXGroup;
			children = (
				461CD7A1239CFC7F002FE9F4 /* adapters */,
				461CD79E239CFC7F002FE9F4 /* win32.h */,
				461CD7AA239CFC7F002FE9F4 /* async.h */,
				461CD79A239CFC7F002FE9F4 /* hiredis.h */,
				461CD793239CFC7F002FE9F4 /* config.h */,
				461CD78F239CFC7F002FE9F4 /* net.h */,
				461CD7B1239CFC7F002FE9F4 /* dict.h */,
				461CD7B3239CFC7F002FE9F4 /* async_private.h */,
				461CD7B4239CFC7F002FE9F4 /* sds.h */,
				461CD7C5239CFC7F002FE9F4 /* sdsalloc.h */,
				461CD7CA239CFC7F002FE9F4 /* fmacros.h */,
				461CD7CD239CFC7F002FE9F4 /* read.h */,
				461CD7CC239CFC7F002FE9F4 /* sockcompat.h */,
				461CD7CE239CFC7F002FE9F4 /* hiredis_ssl.h */,
			);
			path = thirdpart;
			sourceTree = "<group>";
		};
/* End PBXGroup section */

/* Begin PBXNativeTarget section */
		460439DA238162260042DA5D /* Server */ = {
			isa = PBXNativeTarget;
			buildConfigurationList = 460439E2238162260042DA5D /* Build configuration list for PBXNativeTarget "Server" */;
			buildPhases = (
				460439D7238162260042DA5D /* Sources */,
				460439D8238162260042DA5D /* Frameworks */,
				460439D9238162260042DA5D /* CopyFiles */,
			);
			buildRules = (
			);
			dependencies = (
			);
			name = Server;
			productName = Server;
			productReference = 460439DB238162260042DA5D /* Server */;
			productType = "com.apple.product-type.tool";
		};
/* End PBXNativeTarget section */

/* Begin PBXProject section */
		460439D3238162260042DA5D /* Project object */ = {
			isa = PBXProject;
			attributes = {
				LastUpgradeCheck = 0920;
				ORGANIZATIONNAME = "dong da kuan";
				TargetAttributes = {
					460439DA238162260042DA5D = {
						CreatedOnToolsVersion = 9.2;
						ProvisioningStyle = Automatic;
					};
				};
			};
			buildConfigurationList = 460439D6238162260042DA5D /* Build configuration list for PBXProject "Server" */;
			compatibilityVersion = "Xcode 8.0";
			developmentRegion = en;
			hasScannedForEncodings = 0;
			knownRegions = (
				en,
			);
			mainGroup = 460439D2238162260042DA5D;
			productRefGroup = 460439DC238162260042DA5D /* Products */;
			projectDirPath = "";
			projectRoot = "";
			targets = (
				460439DA238162260042DA5D /* Server */,
			);
		};
/* End PBXProject section */

/* Begin PBXSourcesBuildPhase section */
		460439D7238162260042DA5D /* Sources */ = {
			isa = PBXSourcesBuildPhase;
			buildActionMask = 2147483647;
			files = (
				46A27B06238C23CC006057B6 /* RequestHandle.cpp in Sources */,
				46043A042382D9CD0042DA5D /* RedisConnect.cpp in Sources */,
				46043A012382D9C10042DA5D /* MysqlConnect.cpp in Sources */,
				460439EA2381625E0042DA5D /* TcpConnect.cpp in Sources */,
				460439DF238162260042DA5D /* main.cpp in Sources */,
				460439FE2382D9A00042DA5D /* SomeWhereServer.cpp in Sources */,
				460439E7238162490042DA5D /* SomeWhere_Login.cpp in Sources */,
			);
			runOnlyForDeploymentPostprocessing = 0;
		};
/* End PBXSourcesBuildPhase section */

/* Begin XCBuildConfiguration section */
		460439E0238162260042DA5D /* Debug */ = {
			isa = XCBuildConfiguration;
			buildSettings = {
				ALWAYS_SEARCH_USER_PATHS = NO;
				CLANG_ANALYZER_NONNULL = YES;
				CLANG_ANALYZER_NUMBER_OBJECT_CONVERSION = YES_AGGRESSIVE;
				CLANG_CXX_LANGUAGE_STANDARD = "gnu++14";
				CLANG_CXX_LIBRARY = "libc++";
				CLANG_ENABLE_MODULES = YES;
				CLANG_ENABLE_OBJC_ARC = YES;
				CLANG_WARN_BLOCK_CAPTURE_AUTORELEASING = YES;
				CLANG_WARN_BOOL_CONVERSION = YES;
				CLANG_WARN_COMMA = YES;
				CLANG_WARN_CONSTANT_CONVERSION = YES;
				CLANG_WARN_DIRECT_OBJC_ISA_USAGE = YES_ERROR;
				CLANG_WARN_DOCUMENTATION_COMMENTS = YES;
				CLANG_WARN_EMPTY_BODY = YES;
				CLANG_WARN_ENUM_CONVERSION = YES;
				CLANG_WARN_INFINITE_RECURSION = YES;
				CLANG_WARN_INT_CONVERSION = YES;
				CLANG_WARN_NON_LITERAL_NULL_CONVERSION = YES;
				CLANG_WARN_OBJC_LITERAL_CONVERSION = YES;
				CLANG_WARN_OBJC_ROOT_CLASS = YES_ERROR;
				CLANG_WARN_RANGE_LOOP_ANALYSIS = YES;
				CLANG_WARN_STRICT_PROTOTYPES = YES;
				CLANG_WARN_SUSPICIOUS_MOVE = YES;
				CLANG_WARN_UNGUARDED_AVAILABILITY = YES_AGGRESSIVE;
				CLANG_WARN_UNREACHABLE_CODE = YES;
				CLANG_WARN__DUPLICATE_METHOD_MATCH = YES;
				CODE_SIGN_IDENTITY = "-";
				COPY_PHASE_STRIP = NO;
				DEBUG_INFORMATION_FORMAT = dwarf;
				ENABLE_STRICT_OBJC_MSGSEND = YES;
				ENABLE_TESTABILITY = YES;
				GCC_C_LANGUAGE_STANDARD = gnu11;
				GCC_DYNAMIC_NO_PIC = NO;
				GCC_NO_COMMON_BLOCKS = YES;
				GCC_OPTIMIZATION_LEVEL = 0;
				GCC_PREPROCESSOR_DEFINITIONS = (
					"DEBUG=1",
					"$(inherited)",
				);
				GCC_WARN_64_TO_32_BIT_CONVERSION = YES;
				GCC_WARN_ABOUT_RETURN_TYPE = YES_ERROR;
				GCC_WARN_UNDECLARED_SELECTOR = YES;
				GCC_WARN_UNINITIALIZED_AUTOS = YES_AGGRESSIVE;
				GCC_WARN_UNUSED_FUNCTION = YES;
				GCC_WARN_UNUSED_VARIABLE = YES;
				MACOSX_DEPLOYMENT_TARGET = 10.13;
				MTL_ENABLE_DEBUG_INFO = YES;
				ONLY_ACTIVE_ARCH = YES;
				SDKROOT = macosx;
			};
			name = Debug;
		};
		460439E1238162260042DA5D /* Release */ = {
			isa = XCBuildConfiguration;
			buildSettings = {
				ALWAYS_SEARCH_USER_PATHS = NO;
				CLANG_ANALYZER_NONNULL = YES;
				CLANG_ANALYZER_NUMBER_OBJECT_CONVERSION = YES_AGGRESSIVE;
				CLANG_CXX_LANGUAGE_STANDARD = "gnu++14";
				CLANG_CXX_LIBRARY = "libc++";
				CLANG_ENABLE_MODULES = YES;
				CLANG_ENABLE_OBJC_ARC = YES;
				CLANG_WARN_BLOCK_CAPTURE_AUTORELEASING = YES;
				CLANG_WARN_BOOL_CONVERSION = YES;
				CLANG_WARN_COMMA = YES;
				CLANG_WARN_CONSTANT_CONVERSION = YES;
				CLANG_WARN_DIRECT_OBJC_ISA_USAGE = YES_ERROR;
				CLANG_WARN_DOCUMENTATION_COMMENTS = YES;
				CLANG_WARN_EMPTY_BODY = YES;
				CLANG_WARN_ENUM_CONVERSION = YES;
				CLANG_WARN_INFINITE_RECURSION = YES;
				CLANG_WARN_INT_CONVERSION = YES;
				CLANG_WARN_NON_LITERAL_NULL_CONVERSION = YES;
				CLANG_WARN_OBJC_LITERAL_CONVERSION = YES;
				CLANG_WARN_OBJC_ROOT_CLASS = YES_ERROR;
				CLANG_WARN_RANGE_LOOP_ANALYSIS = YES;
				CLANG_WARN_STRICT_PROTOTYPES = YES;
				CLANG_WARN_SUSPICIOUS_MOVE = YES;
				CLANG_WARN_UNGUARDED_AVAILABILITY = YES_AGGRESSIVE;
				CLANG_WARN_UNREACHABLE_CODE = YES;
				CLANG_WARN__DUPLICATE_METHOD_MATCH = YES;
				CODE_SIGN_IDENTITY = "-";
				COPY_PHASE_STRIP = NO;
				DEBUG_INFORMATION_FORMAT = "dwarf-with-dsym";
				ENABLE_NS_ASSERTIONS = NO;
				ENABLE_STRICT_OBJC_MSGSEND = YES;
				GCC_C_LANGUAGE_STANDARD = gnu11;
				GCC_NO_COMMON_BLOCKS = YES;
				GCC_WARN_64_TO_32_BIT_CONVERSION = YES;
				GCC_WARN_ABOUT_RETURN_TYPE = YES_ERROR;
				GCC_WARN_UNDECLARED_SELECTOR = YES;
				GCC_WARN_UNINITIALIZED_AUTOS = YES_AGGRESSIVE;
				GCC_WARN_UNUSED_FUNCTION = YES;
				GCC_WARN_UNUSED_VARIABLE = YES;
				MACOSX_DEPLOYMENT_TARGET = 10.13;
				MTL_ENABLE_DEBUG_INFO = NO;
				SDKROOT = macosx;
			};
			name = Release;
		};
		460439E3238162260042DA5D /* Debug */ = {
			isa = XCBuildConfiguration;
			buildSettings = {
				CODE_SIGN_STYLE = Automatic;
				HEADER_SEARCH_PATHS = (
					"/usr/local/mysql-connector-c++-8.0.18/include",
					/usr/local/include,
					/Users/dongdakuan/hiredis,
				);
				LD_RUNPATH_SEARCH_PATHS = "/usr/local/mysql-connector-c++-8.0.18/lib64";
				LIBRARY_SEARCH_PATHS = (
					/usr/local/lib,
					"/usr/local/mysql-connector-c++-8.0.18/lib64",
					/Users/dongdakuan/hiredis,
					"$(PROJECT_DIR)/Server/Headers",
				);
				PRODUCT_NAME = "$(TARGET_NAME)";
			};
			name = Debug;
		};
		460439E4238162260042DA5D /* Release */ = {
			isa = XCBuildConfiguration;
			buildSettings = {
				CODE_SIGN_STYLE = Automatic;
				HEADER_SEARCH_PATHS = (
					"/usr/local/mysql-connector-c++-8.0.18/include",
					/usr/local/include,
					/Users/dongdakuan/hiredis,
				);
				LD_RUNPATH_SEARCH_PATHS = "/usr/local/mysql-connector-c++-8.0.18/lib64";
				LIBRARY_SEARCH_PATHS = (
					/usr/local/lib,
					"/usr/local/mysql-connector-c++-8.0.18/lib64",
					/Users/dongdakuan/hiredis,
					"$(PROJECT_DIR)/Server/Headers",
				);
				PRODUCT_NAME = "$(TARGET_NAME)";
			};
			name = Release;
		};
/* End XCBuildConfiguration section */

/* Begin XCConfigurationList section */
		460439D6238162260042DA5D /* Build configuration list for PBXProject "Server" */ = {
			isa = XCConfigurationList;
			buildConfigurations = (
				460439E0238162260042DA5D /* Debug */,
				460439E1238162260042DA5D /* Release */,
			);
			defaultConfigurationIsVisible = 0;
			defaultConfigurationName = Release;
		};
		460439E2238162260042DA5D /* Build configuration list for PBXNativeTarget "Server" */ = {
			isa = XCConfigurationList;
			buildConfigurations = (
				460439E3238162260042DA5D /* Debug */,
				460439E4238162260042DA5D /* Release */,
			);
			defaultConfigurationIsVisible = 0;
			defaultConfigurationName = Release;
		};
/* End XCConfigurationList section */
	};
	rootObject = 460439D3238162260042DA5D /* Project object */;
}
